
Microsoft Visual Studio Solution File, Format Version 12.00
# Visual Studio 14
VisualStudioVersion = 14.0.25420.1
MinimumVisualStudioVersion = 10.0.40219.1
Project("{8BB2217D-0F2D-49D1-97BC-3654ED321F3B}") = "ConsoleSample", "ConsoleSample\ConsoleSample.xproj", "{3CE04B6A-A164-4F65-886E-4E563F8FA1B7}"
EndProject
Project("{8BB2217D-0F2D-49D1-97BC-3654ED321F3B}") = "UnitTestSample", "UnitTestSample\UnitTestSample.xproj", "{B6A69EE2-8D93-42C9-AA14-0A2C381D1987}"
EndProject
Project("{8BB2217D-0F2D-49D1-97BC-3654ED321F3B}") = "Nethereum.TestRPCRunner", "Nethereum.TestRPCRunner\Nethereum.TestRPCRunner.xproj", "{256A9487-210F-4D02-9E7C-3C9E554169BA}"
EndProject
Project("{FAE04EC0-301F-11D3-BF4B-00C04F79EFBC}") = "SpecsSample", "SpecsSample\SpecsSample.csproj", "{9C143AFB-F00F-46D0-B1C5-2BCB49186B55}"
EndProject
Project("{FAE04EC0-301F-11D3-BF4B-00C04F79EFBC}") = "Nethereum.TestRPCRunner.Net45", "Nethereum.TestRPCRunner.Net45\Nethereum.TestRPCRunner.Net45.csproj", "{E9B96898-C4D6-4CBE-B845-7B00AC349234}"
EndProject
Global
	GlobalSection(SolutionConfigurationPlatforms) = preSolution
		Debug|Any CPU = Debug|Any CPU
		Release|Any CPU = Release|Any CPU
	EndGlobalSection
	GlobalSection(ProjectConfigurationPlatforms) = postSolution
		{3CE04B6A-A164-4F65-886E-4E563F8FA1B7}.Debug|Any CPU.ActiveCfg = Debug|Any CPU
		{3CE04B6A-A164-4F65-886E-4E563F8FA1B7}.Debug|Any CPU.Build.0 = Debug|Any CPU
		{3CE04B6A-A164-4F65-886E-4E563F8FA1B7}.Release|Any CPU.ActiveCfg = Release|Any CPU
		{3CE04B6A-A164-4F65-886E-4E563F8FA1B7}.Release|Any CPU.Build.0 = Release|Any CPU
		{B6A69EE2-8D93-42C9-AA14-0A2C381D1987}.Debug|Any CPU.ActiveCfg = Debug|Any CPU
		{B6A69EE2-8D93-42C9-AA14-0A2C381D1987}.Debug|Any CPU.Build.0 = Debug|Any CPU
		{B6A69EE2-8D93-42C9-AA14-0A2C381D1987}.Release|Any CPU.ActiveCfg = Release|Any CPU
		{B6A69EE2-8D93-42C9-AA14-0A2C381D1987}.Release|Any CPU.Build.0 = Release|Any CPU
		{256A9487-210F-4D02-9E7C-3C9E554169BA}.Debug|Any CPU.ActiveCfg = Debug|Any CPU
		{256A9487-210F-4D02-9E7C-3C9E554169BA}.Debug|Any CPU.Build.0 = Debug|Any CPU
		{256A9487-210F-4D02-9E7C-3C9E554169BA}.Release|Any CPU.ActiveCfg = Release|Any CPU
		{256A9487-210F-4D02-9E7C-3C9E554169BA}.Release|Any CPU.Build.0 = Release|Any CPU
		{9C143AFB-F00F-46D0-B1C5-2BCB49186B55}.Debug|Any CPU.ActiveCfg = Debug|Any CPU
		{9C143AFB-F00F-46D0-B1C5-2BCB49186B55}.Debug|Any CPU.Build.0 = Debug|Any CPU
		{9C143AFB-F00F-46D0-B1C5-2BCB49186B55}.Release|Any CPU.ActiveCfg = Release|Any CPU
		{9C143AFB-F00F-46D0-B1C5-2BCB49186B55}.Release|Any CPU.Build.0 = Release|Any CPU
		{E9B96898-C4D6-4CBE-B845-7B00AC349234}.Debug|Any CPU.ActiveCfg = Debug|Any CPU
		{E9B96898-C4D6-4CBE-B845-7B00AC349234}.Debug|Any CPU.Build.0 = Debug|Any CPU
		{E9B96898-C4D6-4CBE-B845-7B00AC349234}.Release|Any CPU.ActiveCfg = Release|Any CPU
		{E9B96898-C4D6-4CBE-B845-7B00AC349234}.Release|Any CPU.Build.0 = Release|Any CPU
	EndGlobalSection
	GlobalSection(SolutionProperties) = preSolution
		HideSolutionNode = FALSE
	EndGlobalSection
EndGlobal
